<?xml version="1.0" encoding="utf-8"?>
<Project ToolsVersion="4.0" xmlns="http://schemas.microsoft.com/developer/msbuild/2003">
  <ItemGroup>
    <Filter Include="源文件">
      <UniqueIdentifier>{4FC737F1-C7A5-4376-A066-2A32D752A2FF}</UniqueIdentifier>
      <Extensions>cpp;c;cc;cxx;def;odl;idl;hpj;bat;asm;asmx</Extensions>
    </Filter>
    <Filter Include="头文件">
      <UniqueIdentifier>{93995380-89BD-4b04-88EB-625FBE52EBFB}</UniqueIdentifier>
      <Extensions>h;hpp;hxx;hm;inl;inc;xsd</Extensions>
    </Filter>
    <Filter Include="资源文件">
      <UniqueIdentifier>{67DA6AB6-F800-4c08-8B7A-83BB121AAD01}</UniqueIdentifier>
      <Extensions>rc;ico;cur;bmp;dlg;rc2;rct;bin;rgs;gif;jpg;jpeg;jpe;resx;tiff;tif;png;wav;mfcribbon-ms</Extensions>
    </Filter>
    <Filter Include="对话框">
      <UniqueIdentifier>{3b860aa6-a3af-4c47-8d3d-a7d130ae5730}</UniqueIdentifier>
    </Filter>
    <Filter Include="对话框\主对话框">
      <UniqueIdentifier>{43dc253a-7511-4b5f-a523-7d4ebb2e5071}</UniqueIdentifier>
    </Filter>
    <Filter Include="对话框\附属对话框">
      <UniqueIdentifier>{8c6c7c38-90c7-4a45-a074-5688d1d3ee3b}</UniqueIdentifier>
    </Filter>
    <Filter Include="绘图模块">
      <UniqueIdentifier>{d64b7ae8-fcf7-4423-b775-62d93631cec5}</UniqueIdentifier>
    </Filter>
    <Filter Include="地图结构">
      <UniqueIdentifier>{7ae54f8a-2731-428e-8ebb-eb343eea5a45}</UniqueIdentifier>
    </Filter>
    <Filter Include="通信模块">
      <UniqueIdentifier>{15d51410-42d5-42ca-888b-5621060b5ae3}</UniqueIdentifier>
    </Filter>
    <Filter Include="工具类">
      <UniqueIdentifier>{1879d66e-781d-4a52-a457-a08a96839a38}</UniqueIdentifier>
    </Filter>
    <Filter Include="MYSQL模块">
      <UniqueIdentifier>{7993204d-a583-4b52-88c4-16a8db9d207e}</UniqueIdentifier>
    </Filter>
    <Filter Include="MYSQL模块\DAO">
      <UniqueIdentifier>{5d2538c1-1583-4607-b625-4ac855c98175}</UniqueIdentifier>
    </Filter>
    <Filter Include="对话框\附属对话框\缩略图对话框">
      <UniqueIdentifier>{6d48d720-0da4-49f9-b5cc-fd52a8edb539}</UniqueIdentifier>
    </Filter>
    <Filter Include="地图规划模拟">
      <UniqueIdentifier>{0f2fe7bf-40d4-4743-88a1-9c1dea2609a8}</UniqueIdentifier>
    </Filter>
    <Filter Include="BYD头文件">
      <UniqueIdentifier>{5750a0ab-c980-431d-bce0-d4ad84498673}</UniqueIdentifier>
    </Filter>
  </ItemGroup>
  <ItemGroup>
    <Text Include="ReadMe.txt" />
    <Text Include="NJUST_ALV_BYD_H\0.版本4.4.txt">
      <Filter>BYD头文件</Filter>
    </Text>
  </ItemGroup>
  <ItemGroup>
    <ClInclude Include="CreateMap.h">
      <Filter>头文件</Filter>
    </ClInclude>
    <ClInclude Include="stdafx.h">
      <Filter>头文件</Filter>
    </ClInclude>
    <ClInclude Include="targetver.h">
      <Filter>头文件</Filter>
    </ClInclude>
    <ClInclude Include="Resource.h">
      <Filter>头文件</Filter>
    </ClInclude>
    <ClInclude Include="DIBAPI.H">
      <Filter>头文件</Filter>
    </ClInclude>
    <ClInclude Include="GDITest.h">
      <Filter>头文件</Filter>
    </ClInclude>
    <ClInclude Include="QDib.h">
      <Filter>头文件</Filter>
    </ClInclude>
    <ClInclude Include="CreateCrossDlg.h">
      <Filter>对话框\附属对话框</Filter>
    </ClInclude>
    <ClInclude Include="CreateLineDlg.h">
      <Filter>对话框\附属对话框</Filter>
    </ClInclude>
    <ClInclude Include="CreateMapDlg.h">
      <Filter>对话框\主对话框</Filter>
    </ClInclude>
    <ClInclude Include="DrawMapMark.h">
      <Filter>绘图模块</Filter>
    </ClInclude>
    <ClInclude Include="NJUSTMap.h">
      <Filter>地图结构</Filter>
    </ClInclude>
    <ClInclude Include="MapDrawControl.h">
      <Filter>对话框\主对话框</Filter>
    </ClInclude>
    <ClInclude Include="CreateMapCommunication.h">
      <Filter>通信模块</Filter>
    </ClInclude>
    <ClInclude Include="UDP.h">
      <Filter>通信模块</Filter>
    </ClInclude>
    <ClInclude Include="NJUST_MC_typedef.h">
      <Filter>通信模块</Filter>
    </ClInclude>
    <ClInclude Include="ModifyNode.h">
      <Filter>对话框\附属对话框</Filter>
    </ClInclude>
    <ClInclude Include="ToolsUtil.h">
      <Filter>工具类</Filter>
    </ClInclude>
    <ClInclude Include="MysqlConnector.h">
      <Filter>MYSQL模块</Filter>
    </ClInclude>
    <ClInclude Include="MySqlCommand.h">
      <Filter>MYSQL模块</Filter>
    </ClInclude>
    <ClInclude Include="map_mysql_data.h">
      <Filter>MYSQL模块</Filter>
    </ClInclude>
    <ClInclude Include="WinCalibration.h">
      <Filter>MYSQL模块\DAO</Filter>
    </ClInclude>
    <ClInclude Include="MAP_BASIC_data.h">
      <Filter>地图结构</Filter>
    </ClInclude>
    <ClInclude Include="WinMapNameDAO.h">
      <Filter>MYSQL模块\DAO</Filter>
    </ClInclude>
    <ClInclude Include="SelectMapDlg.h">
      <Filter>对话框\附属对话框</Filter>
    </ClInclude>
    <ClInclude Include="SetNameDlg.h">
      <Filter>对话框\附属对话框</Filter>
    </ClInclude>
    <ClInclude Include="WinRoadDAO.h">
      <Filter>MYSQL模块\DAO</Filter>
    </ClInclude>
    <ClInclude Include="WinPointsDAO.h">
      <Filter>MYSQL模块\DAO</Filter>
    </ClInclude>
    <ClInclude Include="WinNodeDAO.h">
      <Filter>MYSQL模块\DAO</Filter>
    </ClInclude>
    <ClInclude Include="WinCrossDAO.h">
      <Filter>MYSQL模块\DAO</Filter>
    </ClInclude>
    <ClInclude Include="WinObsDAO.h">
      <Filter>MYSQL模块\DAO</Filter>
    </ClInclude>
    <ClInclude Include="MapDAO.h">
      <Filter>MYSQL模块\DAO</Filter>
    </ClInclude>
    <ClInclude Include="WinDrawRecordDAO.h">
      <Filter>MYSQL模块\DAO</Filter>
    </ClInclude>
    <ClInclude Include="BlockImage.h">
      <Filter>绘图模块</Filter>
    </ClInclude>
    <ClInclude Include="ImageCacheManage.h">
      <Filter>绘图模块</Filter>
    </ClInclude>
    <ClInclude Include="ShowSmallDlg.h">
      <Filter>对话框\附属对话框\缩略图对话框</Filter>
    </ClInclude>
    <ClInclude Include="MapFileStream.h">
      <Filter>地图规划模拟</Filter>
    </ClInclude>
    <ClInclude Include="MapModule.h">
      <Filter>地图规划模拟</Filter>
    </ClInclude>
    <ClInclude Include="MapTools.h">
      <Filter>地图规划模拟</Filter>
    </ClInclude>
    <ClInclude Include="NJUST_ALV_BYD_H\ALV_BYD.h">
      <Filter>BYD头文件</Filter>
    </ClInclude>
    <ClInclude Include="NJUST_ALV_BYD_H\NJUST_2D_data.h">
      <Filter>BYD头文件</Filter>
    </ClInclude>
    <ClInclude Include="NJUST_ALV_BYD_H\NJUST_2D_proc.h">
      <Filter>BYD头文件</Filter>
    </ClInclude>
    <ClInclude Include="NJUST_ALV_BYD_H\NJUST_3D4_data.h">
      <Filter>BYD头文件</Filter>
    </ClInclude>
    <ClInclude Include="NJUST_ALV_BYD_H\NJUST_3D4_proc.h">
      <Filter>BYD头文件</Filter>
    </ClInclude>
    <ClInclude Include="NJUST_ALV_BYD_H\NJUST_3D64_data.h">
      <Filter>BYD头文件</Filter>
    </ClInclude>
    <ClInclude Include="NJUST_ALV_BYD_H\NJUST_3D64_proc.h">
      <Filter>BYD头文件</Filter>
    </ClInclude>
    <ClInclude Include="NJUST_ALV_BYD_H\NJUST_3DESR_data.h">
      <Filter>BYD头文件</Filter>
    </ClInclude>
    <ClInclude Include="NJUST_ALV_BYD_H\NJUST_FU_data.h">
      <Filter>BYD头文件</Filter>
    </ClInclude>
    <ClInclude Include="NJUST_ALV_BYD_H\NJUST_FU_proc.h">
      <Filter>BYD头文件</Filter>
    </ClInclude>
    <ClInclude Include="NJUST_ALV_BYD_H\NJUST_Global_Def.h">
      <Filter>BYD头文件</Filter>
    </ClInclude>
    <ClInclude Include="NJUST_ALV_BYD_H\NJUST_IP_comm.h">
      <Filter>BYD头文件</Filter>
    </ClInclude>
    <ClInclude Include="NJUST_ALV_BYD_H\NJUST_IR_data.h">
      <Filter>BYD头文件</Filter>
    </ClInclude>
    <ClInclude Include="NJUST_ALV_BYD_H\NJUST_IR_proc.h">
      <Filter>BYD头文件</Filter>
    </ClInclude>
    <ClInclude Include="NJUST_ALV_BYD_H\NJUST_LS_data.h">
      <Filter>BYD头文件</Filter>
    </ClInclude>
    <ClInclude Include="NJUST_ALV_BYD_H\NJUST_LS_proc.h">
      <Filter>BYD头文件</Filter>
    </ClInclude>
    <ClInclude Include="NJUST_ALV_BYD_H\NJUST_MAP_data.h">
      <Filter>BYD头文件</Filter>
    </ClInclude>
    <ClInclude Include="NJUST_ALV_BYD_H\NJUST_MAP_proc.h">
      <Filter>BYD头文件</Filter>
    </ClInclude>
    <ClInclude Include="NJUST_ALV_BYD_H\NJUST_MC_data.h">
      <Filter>BYD头文件</Filter>
    </ClInclude>
    <ClInclude Include="NJUST_ALV_BYD_H\NJUST_MC_proc.h">
      <Filter>BYD头文件</Filter>
    </ClInclude>
    <ClInclude Include="NJUST_ALV_BYD_H\NJUST_MC_typedef.h">
      <Filter>BYD头文件</Filter>
    </ClInclude>
    <ClInclude Include="NJUST_ALV_BYD_H\NJUST_MO_data.h">
      <Filter>BYD头文件</Filter>
    </ClInclude>
    <ClInclude Include="NJUST_ALV_BYD_H\NJUST_MO_proc.h">
      <Filter>BYD头文件</Filter>
    </ClInclude>
    <ClInclude Include="NJUST_ALV_BYD_H\NJUST_PL_data.h">
      <Filter>BYD头文件</Filter>
    </ClInclude>
    <ClInclude Include="NJUST_ALV_BYD_H\NJUST_PL_proc.h">
      <Filter>BYD头文件</Filter>
    </ClInclude>
    <ClInclude Include="NJUST_MAP_data.h.back">
      <Filter>地图结构</Filter>
    </ClInclude>
  </ItemGroup>
  <ItemGroup>
    <ClCompile Include="stdafx.cpp">
      <Filter>源文件</Filter>
    </ClCompile>
    <ClCompile Include="MYFILE.CPP">
      <Filter>源文件</Filter>
    </ClCompile>
    <ClCompile Include="CreateMap.cpp">
      <Filter>源文件</Filter>
    </ClCompile>
    <ClCompile Include="DIBAPI.CPP">
      <Filter>源文件</Filter>
    </ClCompile>
    <ClCompile Include="QDib.cpp">
      <Filter>源文件</Filter>
    </ClCompile>
    <ClCompile Include="CreateCrossDlg.cpp">
      <Filter>对话框\附属对话框</Filter>
    </ClCompile>
    <ClCompile Include="CreateLineDlg.cpp">
      <Filter>对话框\附属对话框</Filter>
    </ClCompile>
    <ClCompile Include="CreateMapDlg.cpp">
      <Filter>对话框\主对话框</Filter>
    </ClCompile>
    <ClCompile Include="DrawMapMark.cpp">
      <Filter>绘图模块</Filter>
    </ClCompile>
    <ClCompile Include="NJUSTMap.cpp">
      <Filter>地图结构</Filter>
    </ClCompile>
    <ClCompile Include="UDP.cpp">
      <Filter>通信模块</Filter>
    </ClCompile>
    <ClCompile Include="CreateMapCommunication.cpp">
      <Filter>通信模块</Filter>
    </ClCompile>
    <ClCompile Include="ModifyNode.cpp">
      <Filter>对话框\附属对话框</Filter>
    </ClCompile>
    <ClCompile Include="ToolsUtil.cpp">
      <Filter>工具类</Filter>
    </ClCompile>
    <ClCompile Include="MysqlConnector.cpp">
      <Filter>MYSQL模块</Filter>
    </ClCompile>
    <ClCompile Include="MySqlCommand.cpp">
      <Filter>MYSQL模块</Filter>
    </ClCompile>
    <ClCompile Include="WinCalibration.cpp">
      <Filter>MYSQL模块\DAO</Filter>
    </ClCompile>
    <ClCompile Include="WinMapNameDAO.cpp">
      <Filter>MYSQL模块\DAO</Filter>
    </ClCompile>
    <ClCompile Include="SelectMapDlg.cpp">
      <Filter>对话框\附属对话框</Filter>
    </ClCompile>
    <ClCompile Include="SetNameDlg.cpp">
      <Filter>对话框\附属对话框</Filter>
    </ClCompile>
    <ClCompile Include="WinRoadDAO.cpp">
      <Filter>MYSQL模块\DAO</Filter>
    </ClCompile>
    <ClCompile Include="WinPointsDAO.cpp">
      <Filter>MYSQL模块\DAO</Filter>
    </ClCompile>
    <ClCompile Include="WinNodeDAO.cpp">
      <Filter>MYSQL模块\DAO</Filter>
    </ClCompile>
    <ClCompile Include="WinCrossDAO.cpp">
      <Filter>MYSQL模块\DAO</Filter>
    </ClCompile>
    <ClCompile Include="WinObsDAO.cpp">
      <Filter>MYSQL模块\DAO</Filter>
    </ClCompile>
    <ClCompile Include="WinDrawRecordDAO.cpp">
      <Filter>MYSQL模块\DAO</Filter>
    </ClCompile>
    <ClCompile Include="BlockImage.cpp">
      <Filter>绘图模块</Filter>
    </ClCompile>
    <ClCompile Include="ImageCacheManage.cpp">
      <Filter>绘图模块</Filter>
    </ClCompile>
    <ClCompile Include="ShowSmallDlg.cpp">
      <Filter>对话框\附属对话框\缩略图对话框</Filter>
    </ClCompile>
    <ClCompile Include="MapFileStream.cpp">
      <Filter>地图规划模拟</Filter>
    </ClCompile>
    <ClCompile Include="MapModule.cpp">
      <Filter>地图规划模拟</Filter>
    </ClCompile>
    <ClCompile Include="MapTools.cpp">
      <Filter>地图规划模拟</Filter>
    </ClCompile>
  </ItemGroup>
  <ItemGroup>
    <ResourceCompile Include="CreateMap.rc">
      <Filter>资源文件</Filter>
    </ResourceCompile>
  </ItemGroup>
  <ItemGroup>
    <None Include="res\CreateMap.rc2">
      <Filter>资源文件</Filter>
    </None>
  </ItemGroup>
  <ItemGroup>
    <Image Include="res\CreateMap.ico">
      <Filter>资源文件</Filter>
    </Image>
    <Image Include="res\toolbar1.bmp">
      <Filter>资源文件</Filter>
    </Image>
  </ItemGroup>
</Project>